<?xml version="1.0" encoding="utf-8"?>
<Project ToolsVersion="4.0" xmlns="http://schemas.microsoft.com/developer/msbuild/2003">
  <ItemGroup>
    <Filter Include="源文件">
      <UniqueIdentifier>{4FC737F1-C7A5-4376-A066-2A32D752A2FF}</UniqueIdentifier>
      <Extensions>cpp;c;cc;cxx;def;odl;idl;hpj;bat;asm;asmx</Extensions>
    </Filter>
    <Filter Include="头文件">
      <UniqueIdentifier>{93995380-89BD-4b04-88EB-625FBE52EBFB}</UniqueIdentifier>
      <Extensions>h;hpp;hxx;hm;inl;inc;xsd</Extensions>
    </Filter>
    <Filter Include="资源文件">
      <UniqueIdentifier>{67DA6AB6-F800-4c08-8B7A-83BB121AAD01}</UniqueIdentifier>
      <Extensions>rc;ico;cur;bmp;dlg;rc2;rct;bin;rgs;gif;jpg;jpeg;jpe;resx;tiff;tif;png;wav;mfcribbon-ms</Extensions>
    </Filter>
  </ItemGroup>
  <ItemGroup>
    <Text Include="ReadMe.txt" />
  </ItemGroup>
  <ItemGroup>
    <ClInclude Include="chinesechess.h">
      <Filter>头文件</Filter>
    </ClInclude>
    <ClInclude Include="stdafx.h">
      <Filter>头文件</Filter>
    </ClInclude>
    <ClInclude Include="targetver.h">
      <Filter>头文件</Filter>
    </ClInclude>
    <ClInclude Include="MainFrm.h">
      <Filter>头文件</Filter>
    </ClInclude>
    <ClInclude Include="chinesechessDoc.h">
      <Filter>头文件</Filter>
    </ClInclude>
    <ClInclude Include="chinesechessView.h">
      <Filter>头文件</Filter>
    </ClInclude>
    <ClInclude Include="Resource.h">
      <Filter>头文件</Filter>
    </ClInclude>
    <ClInclude Include="Chess.h">
      <Filter>头文件</Filter>
    </ClInclude>
    <ClInclude Include="Managers.h">
      <Filter>头文件</Filter>
    </ClInclude>
  </ItemGroup>
  <ItemGroup>
    <ClCompile Include="chinesechess.cpp">
      <Filter>源文件</Filter>
    </ClCompile>
    <ClCompile Include="stdafx.cpp">
      <Filter>源文件</Filter>
    </ClCompile>
    <ClCompile Include="MainFrm.cpp">
      <Filter>源文件</Filter>
    </ClCompile>
    <ClCompile Include="chinesechessDoc.cpp">
      <Filter>源文件</Filter>
    </ClCompile>
    <ClCompile Include="chinesechessView.cpp">
      <Filter>源文件</Filter>
    </ClCompile>
    <ClCompile Include="Chess.cpp">
      <Filter>源文件</Filter>
    </ClCompile>
    <ClCompile Include="Managers.cpp">
      <Filter>源文件</Filter>
    </ClCompile>
  </ItemGroup>
  <ItemGroup>
    <ResourceCompile Include="chinesechess.rc">
      <Filter>资源文件</Filter>
    </ResourceCompile>
  </ItemGroup>
  <ItemGroup>
    <None Include="res\chinesechess.rc2">
      <Filter>资源文件</Filter>
    </None>
  </ItemGroup>
  <ItemGroup>
    <Image Include="res\chinesechessDoc.ico">
      <Filter>资源文件</Filter>
    </Image>
    <Image Include="res\chinesechess.ico">
      <Filter>资源文件</Filter>
    </Image>
    <Image Include="res\choose.bmp">
      <Filter>资源文件</Filter>
    </Image>
    <Image Include="res\mask.BMP">
      <Filter>资源文件</Filter>
    </Image>
    <Image Include="res\chess.bmp">
      <Filter>资源文件</Filter>
    </Image>
    <Image Include="res\chessbord.bmp">
      <Filter>资源文件</Filter>
    </Image>
    <Image Include="res\stat.bmp">
      <Filter>资源文件</Filter>
    </Image>
    <Image Include="res\lol.ico">
      <Filter>资源文件</Filter>
    </Image>
    <Image Include="res\bitmap6.bmp">
      <Filter>资源文件</Filter>
    </Image>
    <Image Include="..\..\Chinese chess.bmp">
      <Filter>资源文件</Filter>
    </Image>
    <Image Include="res\bitmap9.bmp">
      <Filter>资源文件</Filter>
    </Image>
    <Image Include="..\..\..\mask3.bmp">
      <Filter>资源文件</Filter>
    </Image>
    <Image Include="..\..\choosechess.bmp">
      <Filter>资源文件</Filter>
    </Image>
    <Image Include="res\bitmap10.bmp">
      <Filter>资源文件</Filter>
    </Image>
    <Image Include="res\bitmap11.bmp">
      <Filter>资源文件</Filter>
    </Image>
    <Image Include="..\..\..\ICON.bmp">
      <Filter>资源文件</Filter>
    </Image>
    <Image Include="..\..\..\icon.ico">
      <Filter>资源文件</Filter>
    </Image>
    <Image Include="res\icon.ico">
      <Filter>资源文件</Filter>
    </Image>
    <Image Include="res\favorites.ico">
      <Filter>资源文件</Filter>
    </Image>
    <Image Include="..\..\..\背景.bmp">
      <Filter>资源文件</Filter>
    </Image>
    <Image Include="res\Chinese chess.bmp">
      <Filter>资源文件</Filter>
    </Image>
    <Image Include="res\mask3.bmp">
      <Filter>资源文件</Filter>
    </Image>
    <Image Include="res\choosechess.bmp">
      <Filter>资源文件</Filter>
    </Image>
    <Image Include="res\背景.bmp">
      <Filter>资源文件</Filter>
    </Image>
    <Image Include="res\墨竹.bmp">
      <Filter>资源文件</Filter>
    </Image>
    <Image Include="res\背景12.bmp">
      <Filter>资源文件</Filter>
    </Image>
    <Image Include="..\..\..\取消按钮1.bmp">
      <Filter>资源文件</Filter>
    </Image>
    <Image Include="..\..\..\heqi.bmp">
      <Filter>资源文件</Filter>
    </Image>
  </ItemGroup>
</Project>